
Microsoft Visual Studio Solution File, Format Version 12.00
# Visual Studio Version 17
VisualStudioVersion = 17.11.35222.181
MinimumVisualStudioVersion = 10.0.40219.1
Project("{9A19103F-16F7-4668-BE54-9A1E7A4F7556}") = "SEPDotNetCore.ConsoleApp", "SEPDotNetCore.ConsoleApp\SEPDotNetCore.ConsoleApp.csproj", "{F3565E98-7510-4F3A-8558-63085F5CC7C5}"
EndProject
Project("{2150E333-8FDC-42A3-9474-1A3956D46DE8}") = "Documents", "Documents", "{019C52A8-32A1-4E82-9D82-7C82699BFC06}"
	ProjectSection(SolutionItems) = preProject
		README.md = README.md
	EndProjectSection
EndProject
Project("{9A19103F-16F7-4668-BE54-9A1E7A4F7556}") = "SEPDotNetCore.Database", "SEPDotNetCore.Database\SEPDotNetCore.Database.csproj", "{CB60779D-DC54-488C-B13C-06A787E48786}"
EndProject
Project("{9A19103F-16F7-4668-BE54-9A1E7A4F7556}") = "SEPDotNetCore.ConsoleApp2", "SEPDotNetCore.ConsoleApp2\SEPDotNetCore.ConsoleApp2.csproj", "{20E999F0-1C66-4756-9622-4A1E179FFBE3}"
EndProject
Project("{9A19103F-16F7-4668-BE54-9A1E7A4F7556}") = "SEPDotNetCore.RestApi", "SEPDotNetCore.RestApi\SEPDotNetCore.RestApi.csproj", "{A058B3C0-857A-4D7B-BBD3-2C9A17BBCBD7}"
EndProject
Project("{9A19103F-16F7-4668-BE54-9A1E7A4F7556}") = "SEPDotNetCore.TodoList", "SEODotNetCore.TodoList\SEPDotNetCore.TodoList.csproj", "{C8717D05-37BD-4029-93F8-A58001CF6D3F}"
EndProject
Project("{9A19103F-16F7-4668-BE54-9A1E7A4F7556}") = "SEPDotNetCore.Shared", "SEPDotNetCore.Shared\SEPDotNetCore.Shared.csproj", "{F311822D-6109-41AE-A21A-098B94AED765}"
EndProject
Project("{9A19103F-16F7-4668-BE54-9A1E7A4F7556}") = "SEPDotNetCore.MinimalApi", "SEPDotNetCore.MinimalApi\SEPDotNetCore.MinimalApi.csproj", "{97191EBE-EFA0-4766-AE1F-3CCFF8FA1467}"
EndProject
Project("{9A19103F-16F7-4668-BE54-9A1E7A4F7556}") = "SEPDotNetCore.BirdMinimalApi", "SEPDotNetCore.BirdMinimalApi\SEPDotNetCore.BirdMinimalApi.csproj", "{9E5BB44D-518F-4321-B759-5BA6C52856F1}"
EndProject
Project("{9A19103F-16F7-4668-BE54-9A1E7A4F7556}") = "SEPDotNetCore.AgricultureMinimalApi", "SEPDotNetCore.AgricultureMinimalApi\SEPDotNetCore.AgricultureMinimalApi.csproj", "{2C850330-04F4-4140-851C-A367B04D550B}"
EndProject
Project("{9A19103F-16F7-4668-BE54-9A1E7A4F7556}") = "SEPDotNetCore.Domain", "SEPDotNetCore.Domain\SEPDotNetCore.Domain.csproj", "{F9355AB4-57AA-4CC3-A248-96FD5C8FCB03}"
EndProject
Project("{FAE04EC0-301F-11D3-BF4B-00C04F79EFBC}") = "SEPDotNetCore.PayRestApi", "SEPDotNetCore.KpayRestApi\SEPDotNetCore.PayRestApi.csproj", "{748EB56E-456D-4C60-B8A1-E234826B78A4}"
EndProject
Global
	GlobalSection(SolutionConfigurationPlatforms) = preSolution
		Debug|Any CPU = Debug|Any CPU
		Release|Any CPU = Release|Any CPU
	EndGlobalSection
	GlobalSection(ProjectConfigurationPlatforms) = postSolution
		{F3565E98-7510-4F3A-8558-63085F5CC7C5}.Debug|Any CPU.ActiveCfg = Debug|Any CPU
		{F3565E98-7510-4F3A-8558-63085F5CC7C5}.Debug|Any CPU.Build.0 = Debug|Any CPU
		{F3565E98-7510-4F3A-8558-63085F5CC7C5}.Release|Any CPU.ActiveCfg = Release|Any CPU
		{F3565E98-7510-4F3A-8558-63085F5CC7C5}.Release|Any CPU.Build.0 = Release|Any CPU
		{CB60779D-DC54-488C-B13C-06A787E48786}.Debug|Any CPU.ActiveCfg = Debug|Any CPU
		{CB60779D-DC54-488C-B13C-06A787E48786}.Debug|Any CPU.Build.0 = Debug|Any CPU
		{CB60779D-DC54-488C-B13C-06A787E48786}.Release|Any CPU.ActiveCfg = Release|Any CPU
		{CB60779D-DC54-488C-B13C-06A787E48786}.Release|Any CPU.Build.0 = Release|Any CPU
		{20E999F0-1C66-4756-9622-4A1E179FFBE3}.Debug|Any CPU.ActiveCfg = Debug|Any CPU
		{20E999F0-1C66-4756-9622-4A1E179FFBE3}.Debug|Any CPU.Build.0 = Debug|Any CPU
		{20E999F0-1C66-4756-9622-4A1E179FFBE3}.Release|Any CPU.ActiveCfg = Release|Any CPU
		{20E999F0-1C66-4756-9622-4A1E179FFBE3}.Release|Any CPU.Build.0 = Release|Any CPU
		{A058B3C0-857A-4D7B-BBD3-2C9A17BBCBD7}.Debug|Any CPU.ActiveCfg = Debug|Any CPU
		{A058B3C0-857A-4D7B-BBD3-2C9A17BBCBD7}.Debug|Any CPU.Build.0 = Debug|Any CPU
		{A058B3C0-857A-4D7B-BBD3-2C9A17BBCBD7}.Release|Any CPU.ActiveCfg = Release|Any CPU
		{A058B3C0-857A-4D7B-BBD3-2C9A17BBCBD7}.Release|Any CPU.Build.0 = Release|Any CPU
		{C8717D05-37BD-4029-93F8-A58001CF6D3F}.Debug|Any CPU.ActiveCfg = Debug|Any CPU
		{C8717D05-37BD-4029-93F8-A58001CF6D3F}.Debug|Any CPU.Build.0 = Debug|Any CPU
		{C8717D05-37BD-4029-93F8-A58001CF6D3F}.Release|Any CPU.ActiveCfg = Release|Any CPU
		{C8717D05-37BD-4029-93F8-A58001CF6D3F}.Release|Any CPU.Build.0 = Release|Any CPU
		{F311822D-6109-41AE-A21A-098B94AED765}.Debug|Any CPU.ActiveCfg = Debug|Any CPU
		{F311822D-6109-41AE-A21A-098B94AED765}.Debug|Any CPU.Build.0 = Debug|Any CPU
		{F311822D-6109-41AE-A21A-098B94AED765}.Release|Any CPU.ActiveCfg = Release|Any CPU
		{F311822D-6109-41AE-A21A-098B94AED765}.Release|Any CPU.Build.0 = Release|Any CPU
		{97191EBE-EFA0-4766-AE1F-3CCFF8FA1467}.Debug|Any CPU.ActiveCfg = Debug|Any CPU
		{97191EBE-EFA0-4766-AE1F-3CCFF8FA1467}.Debug|Any CPU.Build.0 = Debug|Any CPU
		{97191EBE-EFA0-4766-AE1F-3CCFF8FA1467}.Release|Any CPU.ActiveCfg = Release|Any CPU
		{97191EBE-EFA0-4766-AE1F-3CCFF8FA1467}.Release|Any CPU.Build.0 = Release|Any CPU
		{9E5BB44D-518F-4321-B759-5BA6C52856F1}.Debug|Any CPU.ActiveCfg = Debug|Any CPU
		{9E5BB44D-518F-4321-B759-5BA6C52856F1}.Debug|Any CPU.Build.0 = Debug|Any CPU
		{9E5BB44D-518F-4321-B759-5BA6C52856F1}.Release|Any CPU.ActiveCfg = Release|Any CPU
		{9E5BB44D-518F-4321-B759-5BA6C52856F1}.Release|Any CPU.Build.0 = Release|Any CPU
		{2C850330-04F4-4140-851C-A367B04D550B}.Debug|Any CPU.ActiveCfg = Debug|Any CPU
		{2C850330-04F4-4140-851C-A367B04D550B}.Debug|Any CPU.Build.0 = Debug|Any CPU
		{2C850330-04F4-4140-851C-A367B04D550B}.Release|Any CPU.ActiveCfg = Release|Any CPU
		{2C850330-04F4-4140-851C-A367B04D550B}.Release|Any CPU.Build.0 = Release|Any CPU
		{F9355AB4-57AA-4CC3-A248-96FD5C8FCB03}.Debug|Any CPU.ActiveCfg = Debug|Any CPU
		{F9355AB4-57AA-4CC3-A248-96FD5C8FCB03}.Debug|Any CPU.Build.0 = Debug|Any CPU
		{F9355AB4-57AA-4CC3-A248-96FD5C8FCB03}.Release|Any CPU.ActiveCfg = Release|Any CPU
		{F9355AB4-57AA-4CC3-A248-96FD5C8FCB03}.Release|Any CPU.Build.0 = Release|Any CPU
		{748EB56E-456D-4C60-B8A1-E234826B78A4}.Debug|Any CPU.ActiveCfg = Debug|Any CPU
		{748EB56E-456D-4C60-B8A1-E234826B78A4}.Debug|Any CPU.Build.0 = Debug|Any CPU
		{748EB56E-456D-4C60-B8A1-E234826B78A4}.Release|Any CPU.ActiveCfg = Release|Any CPU
		{748EB56E-456D-4C60-B8A1-E234826B78A4}.Release|Any CPU.Build.0 = Release|Any CPU
	EndGlobalSection
	GlobalSection(SolutionProperties) = preSolution
		HideSolutionNode = FALSE
	EndGlobalSection
	GlobalSection(ExtensibilityGlobals) = postSolution
		SolutionGuid = {425B429F-4D40-485B-8CE5-1C30E0B649FA}
	EndGlobalSection
EndGlobal
